
Microsoft Visual Studio Solution File, Format Version 12.00
# Visual Studio Version 16
VisualStudioVersion = 16.0.33214.272
MinimumVisualStudioVersion = 10.0.40219.1
Project("{FAE04EC0-301F-11D3-BF4B-00C04F79EFBC}") = "GameFramework", "GameFramework\GameFramework.csproj", "{F3B34CFA-2419-4524-8064-ED7B8C3DC648}"
EndProject
Global
	GlobalSection(SolutionConfigurationPlatforms) = preSolution
		Debug|Any CPU = Debug|Any CPU
		Release|Any CPU = Release|Any CPU
	EndGlobalSection
	GlobalSection(ProjectConfigurationPlatforms) = postSolution
		{F3B34CFA-2419-4524-8064-ED7B8C3DC648}.Debug|Any CPU.ActiveCfg = Debug|Any CPU
		{F3B34CFA-2419-4524-8064-ED7B8C3DC648}.Debug|Any CPU.Build.0 = Debug|Any CPU
		{F3B34CFA-2419-4524-8064-ED7B8C3DC648}.Release|Any CPU.ActiveCfg = Release|Any CPU
		{F3B34CFA-2419-4524-8064-ED7B8C3DC648}.Release|Any CPU.Build.0 = Release|Any CPU
	EndGlobalSection
	GlobalSection(SolutionProperties) = preSolution
		HideSolutionNode = FALSE
	EndGlobalSection
	GlobalSection(ExtensibilityGlobals) = postSolution
		SolutionGuid = {3F4109A8-F99E-4540-BA56-B8931642FF1A}
	EndGlobalSection
EndGlobal
